
Microsoft Visual Studio Solution File, Format Version 12.00
# Visual Studio Version 17
VisualStudioVersion = 17.3.32825.248
MinimumVisualStudioVersion = 10.0.40219.1
Project("{9A19103F-16F7-4668-BE54-9A1E7A4F7556}") = "Aerospike.Database.LINQPadDriver", "Aerospike.Database.LINQPadDriver.csproj", "{AF7E3FBA-2CB0-4C2D-AFDF-6BE6DA340C4F}"
EndProject
Global
	GlobalSection(SolutionConfigurationPlatforms) = preSolution
		Debug|Any CPU = Debug|Any CPU
		Release|Any CPU = Release|Any CPU
	EndGlobalSection
	GlobalSection(ProjectConfigurationPlatforms) = postSolution
		{AF7E3FBA-2CB0-4C2D-AFDF-6BE6DA340C4F}.Debug|Any CPU.ActiveCfg = Debug|Any CPU
		{AF7E3FBA-2CB0-4C2D-AFDF-6BE6DA340C4F}.Debug|Any CPU.Build.0 = Debug|Any CPU
		{AF7E3FBA-2CB0-4C2D-AFDF-6BE6DA340C4F}.Release|Any CPU.ActiveCfg = Release|Any CPU
		{AF7E3FBA-2CB0-4C2D-AFDF-6BE6DA340C4F}.Release|Any CPU.Build.0 = Release|Any CPU
	EndGlobalSection
	GlobalSection(SolutionProperties) = preSolution
		HideSolutionNode = FALSE
	EndGlobalSection
	GlobalSection(ExtensibilityGlobals) = postSolution
		SolutionGuid = {275D02B4-2111-46CB-BC6C-1E18696C7295}
	EndGlobalSection
EndGlobal
